
Microsoft Visual Studio Solution File, Format Version 12.00
# Visual Studio 15
VisualStudioVersion = 15.0.28307.329
MinimumVisualStudioVersion = 10.0.40219.1
Project("{FAE04EC0-301F-11D3-BF4B-00C04F79EFBC}") = "Schedule", "Schedule\Schedule.csproj", "{22E2C9E1-0AED-48EB-AE58-E9C6D5C9171D}"
EndProject
Global
	GlobalSection(SolutionConfigurationPlatforms) = preSolution
		Debug|Any CPU = Debug|Any CPU
		Release|Any CPU = Release|Any CPU
	EndGlobalSection
	GlobalSection(ProjectConfigurationPlatforms) = postSolution
		{22E2C9E1-0AED-48EB-AE58-E9C6D5C9171D}.Debug|Any CPU.ActiveCfg = Debug|Any CPU
		{22E2C9E1-0AED-48EB-AE58-E9C6D5C9171D}.Debug|Any CPU.Build.0 = Debug|Any CPU
		{22E2C9E1-0AED-48EB-AE58-E9C6D5C9171D}.Release|Any CPU.ActiveCfg = Release|Any CPU
		{22E2C9E1-0AED-48EB-AE58-E9C6D5C9171D}.Release|Any CPU.Build.0 = Release|Any CPU
	EndGlobalSection
	GlobalSection(SolutionProperties) = preSolution
		HideSolutionNode = FALSE
	EndGlobalSection
	GlobalSection(ExtensibilityGlobals) = postSolution
		SolutionGuid = {11B7B5DF-FB11-4D83-BD42-2EFCA948B204}
	EndGlobalSection
EndGlobal
